
Microsoft Visual Studio Solution File, Format Version 12.00
# Visual Studio Version 16
VisualStudioVersion = 16.0.29215.179
MinimumVisualStudioVersion = 10.0.40219.1
Project("{FAE04EC0-301F-11D3-BF4B-00C04F79EFBC}") = "Exam WPF EX1", "Exam WPF EX1\Exam WPF EX1.csproj", "{83388692-229B-431B-AD4E-500DF9E7596E}"
EndProject
Global
	GlobalSection(SolutionConfigurationPlatforms) = preSolution
		Debug|Any CPU = Debug|Any CPU
		Release|Any CPU = Release|Any CPU
	EndGlobalSection
	GlobalSection(ProjectConfigurationPlatforms) = postSolution
		{83388692-229B-431B-AD4E-500DF9E7596E}.Debug|Any CPU.ActiveCfg = Debug|Any CPU
		{83388692-229B-431B-AD4E-500DF9E7596E}.Debug|Any CPU.Build.0 = Debug|Any CPU
		{83388692-229B-431B-AD4E-500DF9E7596E}.Release|Any CPU.ActiveCfg = Release|Any CPU
		{83388692-229B-431B-AD4E-500DF9E7596E}.Release|Any CPU.Build.0 = Release|Any CPU
	EndGlobalSection
	GlobalSection(SolutionProperties) = preSolution
		HideSolutionNode = FALSE
	EndGlobalSection
	GlobalSection(ExtensibilityGlobals) = postSolution
		SolutionGuid = {B03DA0A6-B954-4243-AFA1-AB58C0D88FAC}
	EndGlobalSection
EndGlobal
